
Microsoft Visual Studio Solution File, Format Version 12.00
# Visual Studio Version 16
VisualStudioVersion = 16.0.32407.337
MinimumVisualStudioVersion = 10.0.40219.1
Project("{FAE04EC0-301F-11D3-BF4B-00C04F79EFBC}") = "Lab2", "Lab2\Lab2.csproj", "{ED93E58E-AC3E-48AB-B1DA-D6D47841818F}"
EndProject
Global
	GlobalSection(SolutionConfigurationPlatforms) = preSolution
		Debug|Any CPU = Debug|Any CPU
		Release|Any CPU = Release|Any CPU
	EndGlobalSection
	GlobalSection(ProjectConfigurationPlatforms) = postSolution
		{ED93E58E-AC3E-48AB-B1DA-D6D47841818F}.Debug|Any CPU.ActiveCfg = Debug|Any CPU
		{ED93E58E-AC3E-48AB-B1DA-D6D47841818F}.Debug|Any CPU.Build.0 = Debug|Any CPU
		{ED93E58E-AC3E-48AB-B1DA-D6D47841818F}.Release|Any CPU.ActiveCfg = Release|Any CPU
		{ED93E58E-AC3E-48AB-B1DA-D6D47841818F}.Release|Any CPU.Build.0 = Release|Any CPU
	EndGlobalSection
	GlobalSection(SolutionProperties) = preSolution
		HideSolutionNode = FALSE
	EndGlobalSection
	GlobalSection(ExtensibilityGlobals) = postSolution
		SolutionGuid = {75B84189-6CF2-474D-8D60-2A8A671B132B}
	EndGlobalSection
EndGlobal
